
Microsoft Visual Studio Solution File, Format Version 12.00
# Visual Studio Version 17
VisualStudioVersion = 17.14.36301.6 d17.14
MinimumVisualStudioVersion = 10.0.40219.1
Project("{FAE04EC0-301F-11D3-BF4B-00C04F79EFBC}") = "TeamManager.API", "TeamManager.API\TeamManager.API.csproj", "{B943A7AE-5824-484D-AF0C-09EF35F23A32}"
EndProject
Global
	GlobalSection(SolutionConfigurationPlatforms) = preSolution
		Debug|Any CPU = Debug|Any CPU
		Release|Any CPU = Release|Any CPU
	EndGlobalSection
	GlobalSection(ProjectConfigurationPlatforms) = postSolution
		{B943A7AE-5824-484D-AF0C-09EF35F23A32}.Debug|Any CPU.ActiveCfg = Debug|Any CPU
		{B943A7AE-5824-484D-AF0C-09EF35F23A32}.Debug|Any CPU.Build.0 = Debug|Any CPU
		{B943A7AE-5824-484D-AF0C-09EF35F23A32}.Release|Any CPU.ActiveCfg = Release|Any CPU
		{B943A7AE-5824-484D-AF0C-09EF35F23A32}.Release|Any CPU.Build.0 = Release|Any CPU
	EndGlobalSection
	GlobalSection(SolutionProperties) = preSolution
		HideSolutionNode = FALSE
	EndGlobalSection
	GlobalSection(ExtensibilityGlobals) = postSolution
		SolutionGuid = {B62CBA12-E8CA-4A0A-97E3-D3E5E72F5A12}
	EndGlobalSection
EndGlobal
